
Microsoft Visual Studio Solution File, Format Version 12.00
# Visual Studio 15
VisualStudioVersion = 15.0.27703.2018
MinimumVisualStudioVersion = 10.0.40219.1
Project("{FAE04EC0-301F-11D3-BF4B-00C04F79EFBC}") = "RESTQuery", "RESTQuery\RESTQuery.csproj", "{5BA43F4F-F07D-4D08-962E-8DBF395745D0}"
EndProject
Project("{FAE04EC0-301F-11D3-BF4B-00C04F79EFBC}") = "RESTQueryTests", "RESTQueryTests\RESTQueryTests.csproj", "{8EDF4429-251A-416D-BB68-93F227191BCF}"
EndProject
Project("{2150E333-8FDC-42A3-9474-1A3956D46DE8}") = "Tests", "Tests", "{F839987E-41D3-4CFB-B0AB-80459F367ABD}"
EndProject
Project("{2150E333-8FDC-42A3-9474-1A3956D46DE8}") = "_Items", "_Items", "{48100D46-858E-49BE-850F-A630BD8ABF10}"
	ProjectSection(SolutionItems) = preProject
		..\appveyor.yml = ..\appveyor.yml
	EndProjectSection
EndProject
Global
	GlobalSection(SolutionConfigurationPlatforms) = preSolution
		Debug|Any CPU = Debug|Any CPU
		Release|Any CPU = Release|Any CPU
	EndGlobalSection
	GlobalSection(ProjectConfigurationPlatforms) = postSolution
		{5BA43F4F-F07D-4D08-962E-8DBF395745D0}.Debug|Any CPU.ActiveCfg = Debug|Any CPU
		{5BA43F4F-F07D-4D08-962E-8DBF395745D0}.Debug|Any CPU.Build.0 = Debug|Any CPU
		{5BA43F4F-F07D-4D08-962E-8DBF395745D0}.Release|Any CPU.ActiveCfg = Release|Any CPU
		{5BA43F4F-F07D-4D08-962E-8DBF395745D0}.Release|Any CPU.Build.0 = Release|Any CPU
		{8EDF4429-251A-416D-BB68-93F227191BCF}.Debug|Any CPU.ActiveCfg = Debug|Any CPU
		{8EDF4429-251A-416D-BB68-93F227191BCF}.Debug|Any CPU.Build.0 = Debug|Any CPU
		{8EDF4429-251A-416D-BB68-93F227191BCF}.Release|Any CPU.ActiveCfg = Release|Any CPU
		{8EDF4429-251A-416D-BB68-93F227191BCF}.Release|Any CPU.Build.0 = Release|Any CPU
	EndGlobalSection
	GlobalSection(SolutionProperties) = preSolution
		HideSolutionNode = FALSE
	EndGlobalSection
	GlobalSection(NestedProjects) = preSolution
		{8EDF4429-251A-416D-BB68-93F227191BCF} = {F839987E-41D3-4CFB-B0AB-80459F367ABD}
	EndGlobalSection
	GlobalSection(ExtensibilityGlobals) = postSolution
		SolutionGuid = {7124A978-989D-4817-8418-715A5CABEB25}
	EndGlobalSection
EndGlobal
